// !$*UTF8*$!
{
	archiveVersion = 1;
	classes = {
	};
	objectVersion = 46;
	objects = {

/* Begin PBXBuildFile section */
		D297B4D61DC03C3600F28E90 /* AppDelegate.swift in Sources */ = {isa = PBXBuildFile; fileRef = D297B4D51DC03C3600F28E90 /* AppDelegate.swift */; };
		D297B4D81DC03C3600F28E90 /* ViewController.swift in Sources */ = {isa = PBXBuildFile; fileRef = D297B4D71DC03C3600F28E90 /* ViewController.swift */; };
		D297B4DB1DC03C3600F28E90 /* Main.storyboard in Resources */ = {isa = PBXBuildFile; fileRef = D297B4D91DC03C3600F28E90 /* Main.storyboard */; };
		D297B4DD1DC03C3600F28E90 /* Assets.xcassets in Resources */ = {isa = PBXBuildFile; fileRef = D297B4DC1DC03C3600F28E90 /* Assets.xcassets */; };
		D297B4E01DC03C3600F28E90 /* LaunchScreen.storyboard in Resources */ = {isa = PBXBuildFile; fileRef = D297B4DE1DC03C3600F28E90 /* LaunchScreen.storyboard */; };
		D297B4EA1DC03E8600F28E90 /* MPCManager.swift in Sources */ = {isa = PBXBuildFile; fileRef = D297B4E91DC03E8600F28E90 /* MPCManager.swift */; };
		D2F40F141DC04CA600A4B637 /* ChatViewController.swift in Sources */ = {isa = PBXBuildFile; fileRef = D2F40F131DC04CA600A4B637 /* ChatViewController.swift */; };
/* End PBXBuildFile section */

/* Begin PBXFileReference section */
		D297B4D21DC03C3600F28E90 /* TutorialMultipeerConnectvity.app */ = {isa = PBXFileReference; explicitFileType = wrapper.application; includeInIndex = 0; path = TutorialMultipeerConnectvity.app; sourceTree = BUILT_PRODUCTS_DIR; };
		D297B4D51DC03C3600F28E90 /* AppDelegate.swift */ = {isa = PBXFileReference; lastKnownFileType = sourcecode.swift; path = AppDelegate.swift; sourceTree = "<group>"; };
		D297B4D71DC03C3600F28E90 /* ViewController.swift */ = {isa = PBXFileReference; lastKnownFileType = sourcecode.swift; path = ViewController.swift; sourceTree = "<group>"; };
		D297B4DA1DC03C3600F28E90 /* Base */ = {isa = PBXFileReference; lastKnownFileType = file.storyboard; name = Base; path = Base.lproj/Main.storyboard; sourceTree = "<group>"; };
		D297B4DC1DC03C3600F28E90 /* Assets.xcassets */ = {isa = PBXFileReference; lastKnownFileType = folder.assetcatalog; path = Assets.xcassets; sourceTree = "<group>"; };
		D297B4DF1DC03C3600F28E90 /* Base */ = {isa = PBXFileReference; lastKnownFileType = file.storyboard; name = Base; path = Base.lproj/LaunchScreen.storyboard; sourceTree = "<group>"; };
		D297B4E11DC03C3600F28E90 /* Info.plist */ = {isa = PBXFileReference; lastKnownFileType = text.plist.xml; path = Info.plist; sourceTree = "<group>"; };
		D297B4E91DC03E8600F28E90 /* MPCManager.swift */ = {isa = PBXFileReference; fileEncoding = 4; lastKnownFileType = sourcecode.swift; path = MPCManager.swift; sourceTree = "<group>"; };
		D2F40F131DC04CA600A4B637 /* ChatViewController.swift */ = {isa = PBXFileReference; fileEncoding = 4; lastKnownFileType = sourcecode.swift; path = ChatViewController.swift; sourceTree = "<group>"; };
/* End PBXFileReference section */

/* Begin PBXFrameworksBuildPhase section */
		D297B4CF1DC03C3600F28E90 /* Frameworks */ = {
			isa = PBXFrameworksBuildPhase;
			buildActionMask = 2147483647;
			files = (
			);
			runOnlyForDeploymentPostprocessing = 0;
		};
/* End PBXFrameworksBuildPhase section */

/* Begin PBXGroup section */
		D297B4C91DC03C3600F28E90 = {
			isa = PBXGroup;
			children = (
				D297B4D41DC03C3600F28E90 /* TutorialMultipeerConnectvity */,
				D297B4D31DC03C3600F28E90 /* Products */,
			);
			sourceTree = "<group>";
		};
		D297B4D31DC03C3600F28E90 /* Products */ = {
			isa = PBXGroup;
			children = (
				D297B4D21DC03C3600F28E90 /* TutorialMultipeerConnectvity.app */,
			);
			name = Products;
			sourceTree = "<group>";
		};
		D297B4D41DC03C3600F28E90 /* TutorialMultipeerConnectvity */ = {
			isa = PBXGroup;
			children = (
				D297B4D51DC03C3600F28E90 /* AppDelegate.swift */,
				D297B4D71DC03C3600F28E90 /* ViewController.swift */,
				D297B4D91DC03C3600F28E90 /* Main.storyboard */,
				D297B4DC1DC03C3600F28E90 /* Assets.xcassets */,
				D297B4DE1DC03C3600F28E90 /* LaunchScreen.storyboard */,
				D297B4E11DC03C3600F28E90 /* Info.plist */,
				D297B4E91DC03E8600F28E90 /* MPCManager.swift */,
				D2F40F131DC04CA600A4B637 /* ChatViewController.swift */,
			);
			path = TutorialMultipeerConnectvity;
			sourceTree = "<group>";
		};
/* End PBXGroup section */

/* Begin PBXNativeTarget section */
		D297B4D11DC03C3600F28E90 /* TutorialMultipeerConnectvity */ = {
			isa = PBXNativeTarget;
			buildConfigurationList = D297B4E41DC03C3600F28E90 /* Build configuration list for PBXNativeTarget "TutorialMultipeerConnectvity" */;
			buildPhases = (
				D297B4CE1DC03C3600F28E90 /* Sources */,
				D297B4CF1DC03C3600F28E90 /* Frameworks */,
				D297B4D01DC03C3600F28E90 /* Resources */,
			);
			buildRules = (
			);
			dependencies = (
			);
			name = TutorialMultipeerConnectvity;
			productName = TutorialMultipeerConnectvity;
			productReference = D297B4D21DC03C3600F28E90 /* TutorialMultipeerConnectvity.app */;
			productType = "com.apple.product-type.application";
		};
/* End PBXNativeTarget section */

/* Begin PBXProject section */
		D297B4CA1DC03C3600F28E90 /* Project object */ = {
			isa = PBXProject;
			attributes = {
				LastSwiftUpdateCheck = 0800;
				LastUpgradeCheck = 0800;
				ORGANIZATIONNAME = Khoa;
				TargetAttributes = {
					D297B4D11DC03C3600F28E90 = {
						CreatedOnToolsVersion = 8.0;
						DevelopmentTeam = K2R3BFC6Z7;
						ProvisioningStyle = Automatic;
					};
				};
			};
			buildConfigurationList = D297B4CD1DC03C3600F28E90 /* Build configuration list for PBXProject "TutorialMultipeerConnectvity" */;
			compatibilityVersion = "Xcode 3.2";
			developmentRegion = English;
			hasScannedForEncodings = 0;
			knownRegions = (
				en,
				Base,
			);
			mainGroup = D297B4C91DC03C3600F28E90;
			productRefGroup = D297B4D31DC03C3600F28E90 /* Products */;
			projectDirPath = "";
			projectRoot = "";
			targets = (
				D297B4D11DC03C3600F28E90 /* TutorialMultipeerConnectvity */,
			);
		};
/* End PBXProject section */

/* Begin PBXResourcesBuildPhase section */
		D297B4D01DC03C3600F28E90 /* Resources */ = {
			isa = PBXResourcesBuildPhase;
			buildActionMask = 2147483647;
			files = (
				D297B4E01DC03C3600F28E90 /* LaunchScreen.storyboard in Resources */,
				D297B4DD1DC03C3600F28E90 /* Assets.xcassets in Resources */,
				D297B4DB1DC03C3600F28E90 /* Main.storyboard in Resources */,
			);
			runOnlyForDeploymentPostprocessing = 0;
		};
/* End PBXResourcesBuildPhase section */

/* Begin PBXSourcesBuildPhase section */
		D297B4CE1DC03C3600F28E90 /* Sources */ = {
			isa = PBXSourcesBuildPhase;
			buildActionMask = 2147483647;
			files = (
				D297B4D81DC03C3600F28E90 /* ViewController.swift in Sources */,
				D297B4D61DC03C3600F28E90 /* AppDelegate.swift in Sources */,
				D2F40F141DC04CA600A4B637 /* ChatViewController.swift in Sources */,
				D297B4EA1DC03E8600F28E90 /* MPCManager.swift in Sources */,
			);
			runOnlyForDeploymentPostprocessing = 0;
		};
/* End PBXSourcesBuildPhase section */

/* Begin PBXVariantGroup section */
		D297B4D91DC03C3600F28E90 /* Main.storyboard */ = {
			isa = PBXVariantGroup;
			children = (
				D297B4DA1DC03C3600F28E90 /* Base */,
			);
			name = Main.storyboard;
			sourceTree = "<group>";
		};
		D297B4DE1DC03C3600F28E90 /* LaunchScreen.storyboard */ = {
			isa = PBXVariantGroup;
			children = (
				D297B4DF1DC03C3600F28E90 /* Base */,
			);
			name = LaunchScreen.storyboard;
			sourceTree = "<group>";
		};
/* End PBXVariantGroup section */

/* Begin XCBuildConfiguration section */
		D297B4E21DC03C3600F28E90 /* Debug */ = {
			isa = XCBuildConfiguration;
			buildSettings = {
				ALWAYS_SEARCH_USER_PATHS = NO;
				CLANG_ANALYZER_NONNULL = YES;
				CLANG_CXX_LANGUAGE_STANDARD = "gnu++0x";
				CLANG_CXX_LIBRARY = "libc++";
				CLANG_ENABLE_MODULES = YES;
				CLANG_ENABLE_OBJC_ARC = YES;
				CLANG_WARN_BOOL_CONVERSION = YES;
				CLANG_WARN_CONSTANT_CONVERSION = YES;
				CLANG_WARN_DIRECT_OBJC_ISA_USAGE = YES_ERROR;
				CLANG_WARN_DOCUMENTATION_COMMENTS = YES;
				CLANG_WARN_EMPTY_BODY = YES;
				CLANG_WARN_ENUM_CONVERSION = YES;
				CLANG_WARN_INFINITE_RECURSION = YES;
				CLANG_WARN_INT_CONVERSION = YES;
				CLANG_WARN_OBJC_ROOT_CLASS = YES_ERROR;
				CLANG_WARN_SUSPICIOUS_MOVES = YES;
				CLANG_WARN_UNREACHABLE_CODE = YES;
				CLANG_WARN__DUPLICATE_METHOD_MATCH = YES;
				"CODE_SIGN_IDENTITY[sdk=iphoneos*]" = "iPhone Developer";
				COPY_PHASE_STRIP = NO;
				DEBUG_INFORMATION_FORMAT = dwarf;
				ENABLE_STRICT_OBJC_MSGSEND = YES;
				ENABLE_TESTABILITY = YES;
				GCC_C_LANGUAGE_STANDARD = gnu99;
				GCC_DYNAMIC_NO_PIC = NO;
				GCC_NO_COMMON_BLOCKS = YES;
				GCC_OPTIMIZATION_LEVEL = 0;
				GCC_PREPROCESSOR_DEFINITIONS = (
					"DEBUG=1",
					"$(inherited)",
				);
				GCC_WARN_64_TO_32_BIT_CONVERSION = YES;
				GCC_WARN_ABOUT_RETURN_TYPE = YES_ERROR;
				GCC_WARN_UNDECLARED_SELECTOR = YES;
				GCC_WARN_UNINITIALIZED_AUTOS = YES_AGGRESSIVE;
				GCC_WARN_UNUSED_FUNCTION = YES;
				GCC_WARN_UNUSED_VARIABLE = YES;
				IPHONEOS_DEPLOYMENT_TARGET = 10.0;
				MTL_ENABLE_DEBUG_INFO = YES;
				ONLY_ACTIVE_ARCH = YES;
				SDKROOT = iphoneos;
				SWIFT_ACTIVE_COMPILATION_CONDITIONS = DEBUG;
				SWIFT_OPTIMIZATION_LEVEL = "-Onone";
				TARGETED_DEVICE_FAMILY = "1,2";
			};
			name = Debug;
		};
		D297B4E31DC03C3600F28E90 /* Release */ = {
			isa = XCBuildConfiguration;
			buildSettings = {
				ALWAYS_SEARCH_USER_PATHS = NO;
				CLANG_ANALYZER_NONNULL = YES;
				CLANG_CXX_LANGUAGE_STANDARD = "gnu++0x";
				CLANG_CXX_LIBRARY = "libc++";
				CLANG_ENABLE_MODULES = YES;
				CLANG_ENABLE_OBJC_ARC = YES;
				CLANG_WARN_BOOL_CONVERSION = YES;
				CLANG_WARN_CONSTANT_CONVERSION = YES;
				CLANG_WARN_DIRECT_OBJC_ISA_USAGE = YES_ERROR;
				CLANG_WARN_DOCUMENTATION_COMMENTS = YES;
				CLANG_WARN_EMPTY_BODY = YES;
				CLANG_WARN_ENUM_CONVERSION = YES;
				CLANG_WARN_INFINITE_RECURSION = YES;
				CLANG_WARN_INT_CONVERSION = YES;
				CLANG_WARN_OBJC_ROOT_CLASS = YES_ERROR;
				CLANG_WARN_SUSPICIOUS_MOVES = YES;
				CLANG_WARN_UNREACHABLE_CODE = YES;
				CLANG_WARN__DUPLICATE_METHOD_MATCH = YES;
				"CODE_SIGN_IDENTITY[sdk=iphoneos*]" = "iPhone Developer";
				COPY_PHASE_STRIP = NO;
				DEBUG_INFORMATION_FORMAT = "dwarf-with-dsym";
				ENABLE_NS_ASSERTIONS = NO;
				ENABLE_STRICT_OBJC_MSGSEND = YES;
				GCC_C_LANGUAGE_STANDARD = gnu99;
				GCC_NO_COMMON_BLOCKS = YES;
				GCC_WARN_64_TO_32_BIT_CONVERSION = YES;
				GCC_WARN_ABOUT_RETURN_TYPE = YES_ERROR;
				GCC_WARN_UNDECLARED_SELECTOR = YES;
				GCC_WARN_UNINITIALIZED_AUTOS = YES_AGGRESSIVE;
				GCC_WARN_UNUSED_FUNCTION = YES;
				GCC_WARN_UNUSED_VARIABLE = YES;
				IPHONEOS_DEPLOYMENT_TARGET = 10.0;
				MTL_ENABLE_DEBUG_INFO = NO;
				SDKROOT = iphoneos;
				SWIFT_OPTIMIZATION_LEVEL = "-Owholemodule";
				TARGETED_DEVICE_FAMILY = "1,2";
				VALIDATE_PRODUCT = YES;
			};
			name = Release;
		};
		D297B4E51DC03C3600F28E90 /* Debug */ = {
			isa = XCBuildConfiguration;
			buildSettings = {
				ASSETCATALOG_COMPILER_APPICON_NAME = AppIcon;
				DEVELOPMENT_TEAM = K2R3BFC6Z7;
				INFOPLIST_FILE = TutorialMultipeerConnectvity/Info.plist;
				LD_RUNPATH_SEARCH_PATHS = "$(inherited) @executable_path/Frameworks";
				PRODUCT_BUNDLE_IDENTIFIER = com.Tutorial.TutorialMultipeerConnectvity;
				PRODUCT_NAME = "$(TARGET_NAME)";
				SWIFT_VERSION = 3.0;
			};
			name = Debug;
		};
		D297B4E61DC03C3600F28E90 /* Release */ = {
			isa = XCBuildConfiguration;
			buildSettings = {
				ASSETCATALOG_COMPILER_APPICON_NAME = AppIcon;
				DEVELOPMENT_TEAM = K2R3BFC6Z7;
				INFOPLIST_FILE = TutorialMultipeerConnectvity/Info.plist;
				LD_RUNPATH_SEARCH_PATHS = "$(inherited) @executable_path/Frameworks";
				PRODUCT_BUNDLE_IDENTIFIER = com.Tutorial.TutorialMultipeerConnectvity;
				PRODUCT_NAME = "$(TARGET_NAME)";
				SWIFT_VERSION = 3.0;
			};
			name = Release;
		};
/* End XCBuildConfiguration section */

/* Begin XCConfigurationList section */
		D297B4CD1DC03C3600F28E90 /* Build configuration list for PBXProject "TutorialMultipeerConnectvity" */ = {
			isa = XCConfigurationList;
			buildConfigurations = (
				D297B4E21DC03C3600F28E90 /* Debug */,
				D297B4E31DC03C3600F28E90 /* Release */,
			);
			defaultConfigurationIsVisible = 0;
			defaultConfigurationName = Release;
		};
		D297B4E41DC03C3600F28E90 /* Build configuration list for PBXNativeTarget "TutorialMultipeerConnectvity" */ = {
			isa = XCConfigurationList;
			buildConfigurations = (
				D297B4E51DC03C3600F28E90 /* Debug */,
				D297B4E61DC03C3600F28E90 /* Release */,
			);
			defaultConfigurationIsVisible = 0;
			defaultConfigurationName = Release;
		};
/* End XCConfigurationList section */
	};
	rootObject = D297B4CA1DC03C3600F28E90 /* Project object */;
}
